
Microsoft Visual Studio Solution File, Format Version 12.00
# Visual Studio Version 17
VisualStudioVersion = 17.11.35327.3
MinimumVisualStudioVersion = 10.0.40219.1
Project("{FAE04EC0-301F-11D3-BF4B-00C04F79EFBC}") = "Examen_Equipo10", "Examen_Equipo10\Examen_Equipo10.csproj", "{A267F5AE-2C60-4892-A06B-B1AA50A17515}"
EndProject
Global
	GlobalSection(SolutionConfigurationPlatforms) = preSolution
		Debug|Any CPU = Debug|Any CPU
		Release|Any CPU = Release|Any CPU
	EndGlobalSection
	GlobalSection(ProjectConfigurationPlatforms) = postSolution
		{A267F5AE-2C60-4892-A06B-B1AA50A17515}.Debug|Any CPU.ActiveCfg = Debug|Any CPU
		{A267F5AE-2C60-4892-A06B-B1AA50A17515}.Debug|Any CPU.Build.0 = Debug|Any CPU
		{A267F5AE-2C60-4892-A06B-B1AA50A17515}.Release|Any CPU.ActiveCfg = Release|Any CPU
		{A267F5AE-2C60-4892-A06B-B1AA50A17515}.Release|Any CPU.Build.0 = Release|Any CPU
	EndGlobalSection
	GlobalSection(SolutionProperties) = preSolution
		HideSolutionNode = FALSE
	EndGlobalSection
	GlobalSection(ExtensibilityGlobals) = postSolution
		SolutionGuid = {14E38F45-4986-4CE4-AD77-8C23FD7A9F8D}
	EndGlobalSection
EndGlobal
